
Microsoft Visual Studio Solution File, Format Version 12.00
# Visual Studio Version 17
VisualStudioVersion = 17.2.32526.322
MinimumVisualStudioVersion = 10.0.40219.1
Project("{FAE04EC0-301F-11D3-BF4B-00C04F79EFBC}") = "6m24d", "6m24d\6m24d.csproj", "{3D0C4DD8-C7DE-41D9-91B5-36C05515AB5E}"
EndProject
Global
	GlobalSection(SolutionConfigurationPlatforms) = preSolution
		Debug|Any CPU = Debug|Any CPU
		Release|Any CPU = Release|Any CPU
	EndGlobalSection
	GlobalSection(ProjectConfigurationPlatforms) = postSolution
		{3D0C4DD8-C7DE-41D9-91B5-36C05515AB5E}.Debug|Any CPU.ActiveCfg = Debug|Any CPU
		{3D0C4DD8-C7DE-41D9-91B5-36C05515AB5E}.Debug|Any CPU.Build.0 = Debug|Any CPU
		{3D0C4DD8-C7DE-41D9-91B5-36C05515AB5E}.Release|Any CPU.ActiveCfg = Release|Any CPU
		{3D0C4DD8-C7DE-41D9-91B5-36C05515AB5E}.Release|Any CPU.Build.0 = Release|Any CPU
	EndGlobalSection
	GlobalSection(SolutionProperties) = preSolution
		HideSolutionNode = FALSE
	EndGlobalSection
	GlobalSection(ExtensibilityGlobals) = postSolution
		SolutionGuid = {B209F750-1C23-44FA-8238-F67527F844A9}
	EndGlobalSection
EndGlobal
